
Microsoft Visual Studio Solution File, Format Version 12.00
# Visual Studio Version 17
VisualStudioVersion = 17.8.34309.116
MinimumVisualStudioVersion = 10.0.40219.1
Project("{FAE04EC0-301F-11D3-BF4B-00C04F79EFBC}") = "HomeWork7", "HomeWork7\HomeWork7.csproj", "{866A2662-8C34-4D5B-97BB-6BEB544B17A0}"
EndProject
Global
	GlobalSection(SolutionConfigurationPlatforms) = preSolution
		Debug|Any CPU = Debug|Any CPU
		Release|Any CPU = Release|Any CPU
	EndGlobalSection
	GlobalSection(ProjectConfigurationPlatforms) = postSolution
		{866A2662-8C34-4D5B-97BB-6BEB544B17A0}.Debug|Any CPU.ActiveCfg = Debug|Any CPU
		{866A2662-8C34-4D5B-97BB-6BEB544B17A0}.Debug|Any CPU.Build.0 = Debug|Any CPU
		{866A2662-8C34-4D5B-97BB-6BEB544B17A0}.Release|Any CPU.ActiveCfg = Release|Any CPU
		{866A2662-8C34-4D5B-97BB-6BEB544B17A0}.Release|Any CPU.Build.0 = Release|Any CPU
	EndGlobalSection
	GlobalSection(SolutionProperties) = preSolution
		HideSolutionNode = FALSE
	EndGlobalSection
	GlobalSection(ExtensibilityGlobals) = postSolution
		SolutionGuid = {B85B584F-EC9F-478D-BB72-FFE7CD1F8D3E}
	EndGlobalSection
EndGlobal
